
Microsoft Visual Studio Solution File, Format Version 12.00
# Visual Studio Version 17
VisualStudioVersion = 17.7.34018.315
MinimumVisualStudioVersion = 10.0.40219.1
Project("{9A19103F-16F7-4668-BE54-9A1E7A4F7556}") = "Ejercicio_l01", "Ejercicio_l01\Ejercicio_l01.csproj", "{456289B2-DB45-4F43-BB0F-E94F1774BC28}"
EndProject
Project("{9A19103F-16F7-4668-BE54-9A1E7A4F7556}") = "Ejercicio_l02", "Ejercicio_l02\Ejercicio_l02.csproj", "{9765F967-543F-4974-B6B3-86DAD3E59025}"
EndProject
Global
	GlobalSection(SolutionConfigurationPlatforms) = preSolution
		Debug|Any CPU = Debug|Any CPU
		Release|Any CPU = Release|Any CPU
	EndGlobalSection
	GlobalSection(ProjectConfigurationPlatforms) = postSolution
		{456289B2-DB45-4F43-BB0F-E94F1774BC28}.Debug|Any CPU.ActiveCfg = Debug|Any CPU
		{456289B2-DB45-4F43-BB0F-E94F1774BC28}.Debug|Any CPU.Build.0 = Debug|Any CPU
		{456289B2-DB45-4F43-BB0F-E94F1774BC28}.Release|Any CPU.ActiveCfg = Release|Any CPU
		{456289B2-DB45-4F43-BB0F-E94F1774BC28}.Release|Any CPU.Build.0 = Release|Any CPU
		{9765F967-543F-4974-B6B3-86DAD3E59025}.Debug|Any CPU.ActiveCfg = Debug|Any CPU
		{9765F967-543F-4974-B6B3-86DAD3E59025}.Debug|Any CPU.Build.0 = Debug|Any CPU
		{9765F967-543F-4974-B6B3-86DAD3E59025}.Release|Any CPU.ActiveCfg = Release|Any CPU
		{9765F967-543F-4974-B6B3-86DAD3E59025}.Release|Any CPU.Build.0 = Release|Any CPU
	EndGlobalSection
	GlobalSection(SolutionProperties) = preSolution
		HideSolutionNode = FALSE
	EndGlobalSection
	GlobalSection(ExtensibilityGlobals) = postSolution
		SolutionGuid = {7F5F58AC-C33E-44A1-A144-C25056C2D1B4}
	EndGlobalSection
EndGlobal
