
Microsoft Visual Studio Solution File, Format Version 12.00
# Visual Studio Version 17
VisualStudioVersion = 17.7.34031.279
MinimumVisualStudioVersion = 10.0.40219.1
Project("{9A19103F-16F7-4668-BE54-9A1E7A4F7556}") = "CentralitaHerencia", "Centralita\CentralitaHerencia.csproj", "{B4A3234C-D1D4-4BDA-921B-2C3787BF2CE1}"
EndProject
Project("{9A19103F-16F7-4668-BE54-9A1E7A4F7556}") = "Test", "..\Test\Test.csproj", "{637BB4BC-3566-4AD9-983B-F59EEEFF12C3}"
EndProject
Project("{9A19103F-16F7-4668-BE54-9A1E7A4F7556}") = "CentralitaFormulario", "..\CentralitaFormulario\CentralitaFormulario.csproj", "{FA44E0A0-ABC7-4C66-AA83-52F029F48994}"
EndProject
Project("{FAE04EC0-301F-11D3-BF4B-00C04F79EFBC}") = "UnitTest", "..\UnitTest\UnitTest.csproj", "{313DCC71-24B2-4ED7-8E4C-5D6F224037C7}"
EndProject
Global
	GlobalSection(SolutionConfigurationPlatforms) = preSolution
		Debug|Any CPU = Debug|Any CPU
		Release|Any CPU = Release|Any CPU
	EndGlobalSection
	GlobalSection(ProjectConfigurationPlatforms) = postSolution
		{B4A3234C-D1D4-4BDA-921B-2C3787BF2CE1}.Debug|Any CPU.ActiveCfg = Debug|Any CPU
		{B4A3234C-D1D4-4BDA-921B-2C3787BF2CE1}.Debug|Any CPU.Build.0 = Debug|Any CPU
		{B4A3234C-D1D4-4BDA-921B-2C3787BF2CE1}.Release|Any CPU.ActiveCfg = Release|Any CPU
		{B4A3234C-D1D4-4BDA-921B-2C3787BF2CE1}.Release|Any CPU.Build.0 = Release|Any CPU
		{637BB4BC-3566-4AD9-983B-F59EEEFF12C3}.Debug|Any CPU.ActiveCfg = Debug|Any CPU
		{637BB4BC-3566-4AD9-983B-F59EEEFF12C3}.Debug|Any CPU.Build.0 = Debug|Any CPU
		{637BB4BC-3566-4AD9-983B-F59EEEFF12C3}.Release|Any CPU.ActiveCfg = Release|Any CPU
		{637BB4BC-3566-4AD9-983B-F59EEEFF12C3}.Release|Any CPU.Build.0 = Release|Any CPU
		{FA44E0A0-ABC7-4C66-AA83-52F029F48994}.Debug|Any CPU.ActiveCfg = Debug|Any CPU
		{FA44E0A0-ABC7-4C66-AA83-52F029F48994}.Debug|Any CPU.Build.0 = Debug|Any CPU
		{FA44E0A0-ABC7-4C66-AA83-52F029F48994}.Release|Any CPU.ActiveCfg = Release|Any CPU
		{FA44E0A0-ABC7-4C66-AA83-52F029F48994}.Release|Any CPU.Build.0 = Release|Any CPU
		{313DCC71-24B2-4ED7-8E4C-5D6F224037C7}.Debug|Any CPU.ActiveCfg = Debug|Any CPU
		{313DCC71-24B2-4ED7-8E4C-5D6F224037C7}.Debug|Any CPU.Build.0 = Debug|Any CPU
		{313DCC71-24B2-4ED7-8E4C-5D6F224037C7}.Release|Any CPU.ActiveCfg = Release|Any CPU
		{313DCC71-24B2-4ED7-8E4C-5D6F224037C7}.Release|Any CPU.Build.0 = Release|Any CPU
	EndGlobalSection
	GlobalSection(SolutionProperties) = preSolution
		HideSolutionNode = FALSE
	EndGlobalSection
	GlobalSection(ExtensibilityGlobals) = postSolution
		SolutionGuid = {4A658A07-DA9B-48EA-BE87-E14992F677C0}
	EndGlobalSection
EndGlobal
