
Microsoft Visual Studio Solution File, Format Version 12.00
# Visual Studio Version 17
VisualStudioVersion = 17.7.34018.315
MinimumVisualStudioVersion = 10.0.40219.1
Project("{FAE04EC0-301F-11D3-BF4B-00C04F79EFBC}") = "Ejercicio I03", "Ejercicio I03\Ejercicio I03.csproj", "{B79B04C2-B096-4E88-AFB0-0F1E8FBD1C34}"
EndProject
Project("{FAE04EC0-301F-11D3-BF4B-00C04F79EFBC}") = "Entidades", "Entidades\Entidades.csproj", "{64B175B5-AD15-4EA6-96FF-7B29F29156F2}"
EndProject
Global
	GlobalSection(SolutionConfigurationPlatforms) = preSolution
		Debug|Any CPU = Debug|Any CPU
		Release|Any CPU = Release|Any CPU
	EndGlobalSection
	GlobalSection(ProjectConfigurationPlatforms) = postSolution
		{B79B04C2-B096-4E88-AFB0-0F1E8FBD1C34}.Debug|Any CPU.ActiveCfg = Debug|Any CPU
		{B79B04C2-B096-4E88-AFB0-0F1E8FBD1C34}.Debug|Any CPU.Build.0 = Debug|Any CPU
		{B79B04C2-B096-4E88-AFB0-0F1E8FBD1C34}.Release|Any CPU.ActiveCfg = Release|Any CPU
		{B79B04C2-B096-4E88-AFB0-0F1E8FBD1C34}.Release|Any CPU.Build.0 = Release|Any CPU
		{64B175B5-AD15-4EA6-96FF-7B29F29156F2}.Debug|Any CPU.ActiveCfg = Debug|Any CPU
		{64B175B5-AD15-4EA6-96FF-7B29F29156F2}.Debug|Any CPU.Build.0 = Debug|Any CPU
		{64B175B5-AD15-4EA6-96FF-7B29F29156F2}.Release|Any CPU.ActiveCfg = Release|Any CPU
		{64B175B5-AD15-4EA6-96FF-7B29F29156F2}.Release|Any CPU.Build.0 = Release|Any CPU
	EndGlobalSection
	GlobalSection(SolutionProperties) = preSolution
		HideSolutionNode = FALSE
	EndGlobalSection
	GlobalSection(ExtensibilityGlobals) = postSolution
		SolutionGuid = {DAA0606F-56AC-4E81-B010-0737A879E390}
	EndGlobalSection
EndGlobal
