
Microsoft Visual Studio Solution File, Format Version 12.00
# Visual Studio Version 17
VisualStudioVersion = 17.7.34221.43
MinimumVisualStudioVersion = 10.0.40219.1
Project("{FAE04EC0-301F-11D3-BF4B-00C04F79EFBC}") = "Formularios", "Formularios\Formularios.csproj", "{9F7D7BF1-D05B-43FE-AD5D-099983CC84FA}"
EndProject
Global
	GlobalSection(SolutionConfigurationPlatforms) = preSolution
		Debug|Any CPU = Debug|Any CPU
		Release|Any CPU = Release|Any CPU
	EndGlobalSection
	GlobalSection(ProjectConfigurationPlatforms) = postSolution
		{9F7D7BF1-D05B-43FE-AD5D-099983CC84FA}.Debug|Any CPU.ActiveCfg = Debug|Any CPU
		{9F7D7BF1-D05B-43FE-AD5D-099983CC84FA}.Debug|Any CPU.Build.0 = Debug|Any CPU
		{9F7D7BF1-D05B-43FE-AD5D-099983CC84FA}.Release|Any CPU.ActiveCfg = Release|Any CPU
		{9F7D7BF1-D05B-43FE-AD5D-099983CC84FA}.Release|Any CPU.Build.0 = Release|Any CPU
	EndGlobalSection
	GlobalSection(SolutionProperties) = preSolution
		HideSolutionNode = FALSE
	EndGlobalSection
	GlobalSection(ExtensibilityGlobals) = postSolution
		SolutionGuid = {D76051E1-475D-461C-867D-EC53BAFE3CD7}
	EndGlobalSection
EndGlobal
