
Microsoft Visual Studio Solution File, Format Version 12.00
# Visual Studio Version 17
VisualStudioVersion = 17.7.34018.315
MinimumVisualStudioVersion = 10.0.40219.1
Project("{FAE04EC0-301F-11D3-BF4B-00C04F79EFBC}") = "View", "View\View.csproj", "{372359E5-BCB4-402C-AD2B-10400103F095}"
EndProject
Project("{FAE04EC0-301F-11D3-BF4B-00C04F79EFBC}") = "Billetes", "Billetes\Billetes.csproj", "{1F61BF04-A4E1-4CE5-ABB8-D58101964490}"
EndProject
Global
	GlobalSection(SolutionConfigurationPlatforms) = preSolution
		Debug|Any CPU = Debug|Any CPU
		Release|Any CPU = Release|Any CPU
	EndGlobalSection
	GlobalSection(ProjectConfigurationPlatforms) = postSolution
		{372359E5-BCB4-402C-AD2B-10400103F095}.Debug|Any CPU.ActiveCfg = Debug|Any CPU
		{372359E5-BCB4-402C-AD2B-10400103F095}.Debug|Any CPU.Build.0 = Debug|Any CPU
		{372359E5-BCB4-402C-AD2B-10400103F095}.Release|Any CPU.ActiveCfg = Release|Any CPU
		{372359E5-BCB4-402C-AD2B-10400103F095}.Release|Any CPU.Build.0 = Release|Any CPU
		{1F61BF04-A4E1-4CE5-ABB8-D58101964490}.Debug|Any CPU.ActiveCfg = Debug|Any CPU
		{1F61BF04-A4E1-4CE5-ABB8-D58101964490}.Debug|Any CPU.Build.0 = Debug|Any CPU
		{1F61BF04-A4E1-4CE5-ABB8-D58101964490}.Release|Any CPU.ActiveCfg = Release|Any CPU
		{1F61BF04-A4E1-4CE5-ABB8-D58101964490}.Release|Any CPU.Build.0 = Release|Any CPU
	EndGlobalSection
	GlobalSection(SolutionProperties) = preSolution
		HideSolutionNode = FALSE
	EndGlobalSection
	GlobalSection(ExtensibilityGlobals) = postSolution
		SolutionGuid = {5535BD64-082D-40B6-9F92-B1153844DB8C}
	EndGlobalSection
EndGlobal
