
Microsoft Visual Studio Solution File, Format Version 12.00
# Visual Studio Version 17
VisualStudioVersion = 17.7.34031.279
MinimumVisualStudioVersion = 10.0.40219.1
Project("{FAE04EC0-301F-11D3-BF4B-00C04F79EFBC}") = "FormContador", "FormContador\FormContador.csproj", "{D259A918-3C12-4847-99E5-A4480673A5DA}"
EndProject
Global
	GlobalSection(SolutionConfigurationPlatforms) = preSolution
		Debug|Any CPU = Debug|Any CPU
		Release|Any CPU = Release|Any CPU
	EndGlobalSection
	GlobalSection(ProjectConfigurationPlatforms) = postSolution
		{D259A918-3C12-4847-99E5-A4480673A5DA}.Debug|Any CPU.ActiveCfg = Debug|Any CPU
		{D259A918-3C12-4847-99E5-A4480673A5DA}.Debug|Any CPU.Build.0 = Debug|Any CPU
		{D259A918-3C12-4847-99E5-A4480673A5DA}.Release|Any CPU.ActiveCfg = Release|Any CPU
		{D259A918-3C12-4847-99E5-A4480673A5DA}.Release|Any CPU.Build.0 = Release|Any CPU
	EndGlobalSection
	GlobalSection(SolutionProperties) = preSolution
		HideSolutionNode = FALSE
	EndGlobalSection
	GlobalSection(ExtensibilityGlobals) = postSolution
		SolutionGuid = {F072A9D4-94C3-4C50-92EA-FBBE65883321}
	EndGlobalSection
EndGlobal
