
Microsoft Visual Studio Solution File, Format Version 12.00
# Visual Studio Version 17
VisualStudioVersion = 17.7.34031.279
MinimumVisualStudioVersion = 10.0.40219.1
Project("{9A19103F-16F7-4668-BE54-9A1E7A4F7556}") = "Formularios", "Formulario\Formularios.csproj", "{2CDDF585-01E6-483A-A1A9-2C480EC2DC9B}"
EndProject
Global
	GlobalSection(SolutionConfigurationPlatforms) = preSolution
		Debug|Any CPU = Debug|Any CPU
		Release|Any CPU = Release|Any CPU
	EndGlobalSection
	GlobalSection(ProjectConfigurationPlatforms) = postSolution
		{2CDDF585-01E6-483A-A1A9-2C480EC2DC9B}.Debug|Any CPU.ActiveCfg = Debug|Any CPU
		{2CDDF585-01E6-483A-A1A9-2C480EC2DC9B}.Debug|Any CPU.Build.0 = Debug|Any CPU
		{2CDDF585-01E6-483A-A1A9-2C480EC2DC9B}.Release|Any CPU.ActiveCfg = Release|Any CPU
		{2CDDF585-01E6-483A-A1A9-2C480EC2DC9B}.Release|Any CPU.Build.0 = Release|Any CPU
	EndGlobalSection
	GlobalSection(SolutionProperties) = preSolution
		HideSolutionNode = FALSE
	EndGlobalSection
	GlobalSection(ExtensibilityGlobals) = postSolution
		SolutionGuid = {D39134FA-6373-4397-8BAD-BEA1870C95C8}
	EndGlobalSection
EndGlobal
