
Microsoft Visual Studio Solution File, Format Version 12.00
# Visual Studio Version 17
VisualStudioVersion = 17.7.34221.43
MinimumVisualStudioVersion = 10.0.40219.1
Project("{9A19103F-16F7-4668-BE54-9A1E7A4F7556}") = "Entidades", "Entidades\Entidades.csproj", "{E40ACC0E-4216-408E-94B9-4BF45E1CD9C6}"
EndProject
Project("{9A19103F-16F7-4668-BE54-9A1E7A4F7556}") = "View", "View\View.csproj", "{DE88FF02-5563-48DB-92EE-2B04C0481845}"
EndProject
Project("{FAE04EC0-301F-11D3-BF4B-00C04F79EFBC}") = "Formulario", "Formulario\Formulario.csproj", "{2EA23DFA-D662-4712-8749-EF5DB55C46C2}"
EndProject
Global
	GlobalSection(SolutionConfigurationPlatforms) = preSolution
		Debug|Any CPU = Debug|Any CPU
		Release|Any CPU = Release|Any CPU
	EndGlobalSection
	GlobalSection(ProjectConfigurationPlatforms) = postSolution
		{E40ACC0E-4216-408E-94B9-4BF45E1CD9C6}.Debug|Any CPU.ActiveCfg = Debug|Any CPU
		{E40ACC0E-4216-408E-94B9-4BF45E1CD9C6}.Debug|Any CPU.Build.0 = Debug|Any CPU
		{E40ACC0E-4216-408E-94B9-4BF45E1CD9C6}.Release|Any CPU.ActiveCfg = Release|Any CPU
		{E40ACC0E-4216-408E-94B9-4BF45E1CD9C6}.Release|Any CPU.Build.0 = Release|Any CPU
		{DE88FF02-5563-48DB-92EE-2B04C0481845}.Debug|Any CPU.ActiveCfg = Debug|Any CPU
		{DE88FF02-5563-48DB-92EE-2B04C0481845}.Debug|Any CPU.Build.0 = Debug|Any CPU
		{DE88FF02-5563-48DB-92EE-2B04C0481845}.Release|Any CPU.ActiveCfg = Release|Any CPU
		{DE88FF02-5563-48DB-92EE-2B04C0481845}.Release|Any CPU.Build.0 = Release|Any CPU
		{2EA23DFA-D662-4712-8749-EF5DB55C46C2}.Debug|Any CPU.ActiveCfg = Debug|Any CPU
		{2EA23DFA-D662-4712-8749-EF5DB55C46C2}.Debug|Any CPU.Build.0 = Debug|Any CPU
		{2EA23DFA-D662-4712-8749-EF5DB55C46C2}.Release|Any CPU.ActiveCfg = Release|Any CPU
		{2EA23DFA-D662-4712-8749-EF5DB55C46C2}.Release|Any CPU.Build.0 = Release|Any CPU
	EndGlobalSection
	GlobalSection(SolutionProperties) = preSolution
		HideSolutionNode = FALSE
	EndGlobalSection
	GlobalSection(ExtensibilityGlobals) = postSolution
		SolutionGuid = {095A2AD0-D8F7-434A-8307-5A842489042C}
	EndGlobalSection
EndGlobal
